
Microsoft Visual Studio Solution File, Format Version 12.00
# Visual Studio Version 16
VisualStudioVersion = 16.0.30804.86
MinimumVisualStudioVersion = 10.0.40219.1
Project("{FAE04EC0-301F-11D3-BF4B-00C04F79EFBC}") = "TicTacToeOP", "TicTacToeOP\TicTacToeOP.csproj", "{A9CC9661-6198-4539-9FBB-A4C8EC22C8EC}"
EndProject
Global
	GlobalSection(SolutionConfigurationPlatforms) = preSolution
		Debug|Any CPU = Debug|Any CPU
		Release|Any CPU = Release|Any CPU
	EndGlobalSection
	GlobalSection(ProjectConfigurationPlatforms) = postSolution
		{A9CC9661-6198-4539-9FBB-A4C8EC22C8EC}.Debug|Any CPU.ActiveCfg = Debug|Any CPU
		{A9CC9661-6198-4539-9FBB-A4C8EC22C8EC}.Debug|Any CPU.Build.0 = Debug|Any CPU
		{A9CC9661-6198-4539-9FBB-A4C8EC22C8EC}.Release|Any CPU.ActiveCfg = Release|Any CPU
		{A9CC9661-6198-4539-9FBB-A4C8EC22C8EC}.Release|Any CPU.Build.0 = Release|Any CPU
	EndGlobalSection
	GlobalSection(SolutionProperties) = preSolution
		HideSolutionNode = FALSE
	EndGlobalSection
	GlobalSection(ExtensibilityGlobals) = postSolution
		SolutionGuid = {5EF80759-DA40-402B-8B84-048F47448A4C}
	EndGlobalSection
EndGlobal
